<?xml version="1.0" encoding="utf-8"?>
<Project ToolsVersion="4.0" xmlns="http://schemas.microsoft.com/developer/msbuild/2003">
  <ItemGroup>
    <Filter Include="Source Files">
      <UniqueIdentifier>{4FC737F1-C7A5-4376-A066-2A32D752A2FF}</UniqueIdentifier>
      <Extensions>cpp;c;cc;cxx;c++;cppm;ixx;def;odl;idl;hpj;bat;asm;asmx</Extensions>
    </Filter>
    <Filter Include="Header Files">
      <UniqueIdentifier>{93995380-89BD-4b04-88EB-625FBE52EBFB}</UniqueIdentifier>
      <Extensions>h;hh;hpp;hxx;h++;hm;inl;inc;ipp;xsd</Extensions>
    </Filter>
    <Filter Include="Resource Files">
      <UniqueIdentifier>{67DA6AB6-F800-4c08-8B7A-83BB121AAD01}</UniqueIdentifier>
      <Extensions>rc;ico;cur;bmp;dlg;rc2;rct;bin;rgs;gif;jpg;jpeg;jpe;resx;tiff;tif;png;wav;mfcribbon-ms</Extensions>
    </Filter>
    <Filter Include="Header Files\cli">
      <UniqueIdentifier>{fbe64aee-866d-42a8-9b51-3e1bbd934f33}</UniqueIdentifier>
    </Filter>
  </ItemGroup>
  <ItemGroup>
    <ClInclude Include="LibraryBook.h">
      <Filter>Header Files</Filter>
    </ClInclude>
    <ClInclude Include="color.hpp">
      <Filter>Header Files</Filter>
    </ClInclude>
    <ClInclude Include="LibraryUser.h">
      <Filter>Header Files</Filter>
    </ClInclude>
    <ClInclude Include="Member.h">
      <Filter>Header Files</Filter>
    </ClInclude>
    <ClInclude Include="Librarian.h">
      <Filter>Header Files</Filter>
    </ClInclude>
    <ClInclude Include="LibrarySystem.h">
      <Filter>Header Files</Filter>
    </ClInclude>
    <ClInclude Include="includes.h">
      <Filter>Header Files</Filter>
    </ClInclude>
    <ClInclude Include="cmds.h">
      <Filter>Header Files</Filter>
    </ClInclude>
    <ClInclude Include="cli-2.2.0\include\cli\boostasiocliasyncsession.h">
      <Filter>Header Files\cli</Filter>
    </ClInclude>
    <ClInclude Include="cli-2.2.0\include\cli\boostasioremotecli.h">
      <Filter>Header Files\cli</Filter>
    </ClInclude>
    <ClInclude Include="cli-2.2.0\include\cli\boostasioscheduler.h">
      <Filter>Header Files\cli</Filter>
    </ClInclude>
    <ClInclude Include="cli-2.2.0\include\cli\cli.h">
      <Filter>Header Files\cli</Filter>
    </ClInclude>
    <ClInclude Include="cli-2.2.0\include\cli\clifilesession.h">
      <Filter>Header Files\cli</Filter>
    </ClInclude>
    <ClInclude Include="cli-2.2.0\include\cli\clilocalsession.h">
      <Filter>Header Files\cli</Filter>
    </ClInclude>
    <ClInclude Include="cli-2.2.0\include\cli\colorprofile.h">
      <Filter>Header Files\cli</Filter>
    </ClInclude>
    <ClInclude Include="cli-2.2.0\include\cli\filehistorystorage.h">
      <Filter>Header Files\cli</Filter>
    </ClInclude>
    <ClInclude Include="cli-2.2.0\include\cli\historystorage.h">
      <Filter>Header Files\cli</Filter>
    </ClInclude>
    <ClInclude Include="cli-2.2.0\include\cli\loopscheduler.h">
      <Filter>Header Files\cli</Filter>
    </ClInclude>
    <ClInclude Include="cli-2.2.0\include\cli\scheduler.h">
      <Filter>Header Files\cli</Filter>
    </ClInclude>
    <ClInclude Include="cli-2.2.0\include\cli\standaloneasiocliasyncsession.h">
      <Filter>Header Files\cli</Filter>
    </ClInclude>
    <ClInclude Include="cli-2.2.0\include\cli\standaloneasioremotecli.h">
      <Filter>Header Files\cli</Filter>
    </ClInclude>
    <ClInclude Include="cli-2.2.0\include\cli\standaloneasioscheduler.h">
      <Filter>Header Files\cli</Filter>
    </ClInclude>
    <ClInclude Include="cli-2.2.0\include\cli\volatilehistorystorage.h">
      <Filter>Header Files\cli</Filter>
    </ClInclude>
  </ItemGroup>
  <ItemGroup>
    <ClCompile Include="LibraryBook.cpp">
      <Filter>Source Files</Filter>
    </ClCompile>
    <ClCompile Include="main.cpp">
      <Filter>Source Files</Filter>
    </ClCompile>
    <ClCompile Include="Member.cpp">
      <Filter>Source Files</Filter>
    </ClCompile>
    <ClCompile Include="Librarian.cpp">
      <Filter>Source Files</Filter>
    </ClCompile>
    <ClCompile Include="LibrarySystem.cpp">
      <Filter>Source Files</Filter>
    </ClCompile>
    <ClCompile Include="LibraryUser.cpp">
      <Filter>Source Files</Filter>
    </ClCompile>
    <ClCompile Include="cmds.cpp">
      <Filter>Source Files</Filter>
    </ClCompile>
  </ItemGroup>
</Project>